// !$*UTF8*$!
{
	archiveVersion = 1;
	classes = {
	};
	objectVersion = 50;
	objects = {

/* Begin PBXBuildFile section */
		496B8D54212EA2470006E23F /* AppDelegate.m in Sources */ = {isa = PBXBuildFile; fileRef = 496B8D53212EA2470006E23F /* AppDelegate.m */; };
		496B8D57212EA2470006E23F /* ViewController.m in Sources */ = {isa = PBXBuildFile; fileRef = 496B8D56212EA2470006E23F /* ViewController.m */; };
		496B8D5A212EA2470006E23F /* Main.storyboard in Resources */ = {isa = PBXBuildFile; fileRef = 496B8D58212EA2470006E23F /* Main.storyboard */; };
		496B8D5C212EA2480006E23F /* Assets.xcassets in Resources */ = {isa = PBXBuildFile; fileRef = 496B8D5B212EA2480006E23F /* Assets.xcassets */; };
		496B8D5F212EA2480006E23F /* LaunchScreen.storyboard in Resources */ = {isa = PBXBuildFile; fileRef = 496B8D5D212EA2480006E23F /* LaunchScreen.storyboard */; };
		496B8D62212EA2480006E23F /* main.m in Sources */ = {isa = PBXBuildFile; fileRef = 496B8D61212EA2480006E23F /* main.m */; };
		496B8D6A212EA3030006E23F /* SJCActionSheet.m in Sources */ = {isa = PBXBuildFile; fileRef = 496B8D69212EA3030006E23F /* SJCActionSheet.m */; };
/* End PBXBuildFile section */

/* Begin PBXFileReference section */
		496B8D4F212EA2470006E23F /* SJCActionSheet.app */ = {isa = PBXFileReference; explicitFileType = wrapper.application; includeInIndex = 0; path = SJCActionSheet.app; sourceTree = BUILT_PRODUCTS_DIR; };
		496B8D52212EA2470006E23F /* AppDelegate.h */ = {isa = PBXFileReference; lastKnownFileType = sourcecode.c.h; path = AppDelegate.h; sourceTree = "<group>"; };
		496B8D53212EA2470006E23F /* AppDelegate.m */ = {isa = PBXFileReference; lastKnownFileType = sourcecode.c.objc; path = AppDelegate.m; sourceTree = "<group>"; };
		496B8D55212EA2470006E23F /* ViewController.h */ = {isa = PBXFileReference; lastKnownFileType = sourcecode.c.h; path = ViewController.h; sourceTree = "<group>"; };
		496B8D56212EA2470006E23F /* ViewController.m */ = {isa = PBXFileReference; lastKnownFileType = sourcecode.c.objc; path = ViewController.m; sourceTree = "<group>"; };
		496B8D59212EA2470006E23F /* Base */ = {isa = PBXFileReference; lastKnownFileType = file.storyboard; name = Base; path = Base.lproj/Main.storyboard; sourceTree = "<group>"; };
		496B8D5B212EA2480006E23F /* Assets.xcassets */ = {isa = PBXFileReference; lastKnownFileType = folder.assetcatalog; path = Assets.xcassets; sourceTree = "<group>"; };
		496B8D5E212EA2480006E23F /* Base */ = {isa = PBXFileReference; lastKnownFileType = file.storyboard; name = Base; path = Base.lproj/LaunchScreen.storyboard; sourceTree = "<group>"; };
		496B8D60212EA2480006E23F /* Info.plist */ = {isa = PBXFileReference; lastKnownFileType = text.plist.xml; path = Info.plist; sourceTree = "<group>"; };
		496B8D61212EA2480006E23F /* main.m */ = {isa = PBXFileReference; lastKnownFileType = sourcecode.c.objc; path = main.m; sourceTree = "<group>"; };
		496B8D68212EA3030006E23F /* SJCActionSheet.h */ = {isa = PBXFileReference; fileEncoding = 4; lastKnownFileType = sourcecode.c.h; path = SJCActionSheet.h; sourceTree = "<group>"; };
		496B8D69212EA3030006E23F /* SJCActionSheet.m */ = {isa = PBXFileReference; fileEncoding = 4; lastKnownFileType = sourcecode.c.objc; path = SJCActionSheet.m; sourceTree = "<group>"; };
/* End PBXFileReference section */

/* Begin PBXFrameworksBuildPhase section */
		496B8D4C212EA2470006E23F /* Frameworks */ = {
			isa = PBXFrameworksBuildPhase;
			buildActionMask = 2147483647;
			files = (
			);
			runOnlyForDeploymentPostprocessing = 0;
		};
/* End PBXFrameworksBuildPhase section */

/* Begin PBXGroup section */
		496B8D46212EA2470006E23F = {
			isa = PBXGroup;
			children = (
				496B8D51212EA2470006E23F /* SJCActionSheet */,
				496B8D50212EA2470006E23F /* Products */,
			);
			sourceTree = "<group>";
		};
		496B8D50212EA2470006E23F /* Products */ = {
			isa = PBXGroup;
			children = (
				496B8D4F212EA2470006E23F /* SJCActionSheet.app */,
			);
			name = Products;
			sourceTree = "<group>";
		};
		496B8D51212EA2470006E23F /* SJCActionSheet */ = {
			isa = PBXGroup;
			children = (
				496B8D68212EA3030006E23F /* SJCActionSheet.h */,
				496B8D69212EA3030006E23F /* SJCActionSheet.m */,
				496B8D52212EA2470006E23F /* AppDelegate.h */,
				496B8D53212EA2470006E23F /* AppDelegate.m */,
				496B8D55212EA2470006E23F /* ViewController.h */,
				496B8D56212EA2470006E23F /* ViewController.m */,
				496B8D58212EA2470006E23F /* Main.storyboard */,
				496B8D5B212EA2480006E23F /* Assets.xcassets */,
				496B8D5D212EA2480006E23F /* LaunchScreen.storyboard */,
				496B8D60212EA2480006E23F /* Info.plist */,
				496B8D61212EA2480006E23F /* main.m */,
			);
			path = SJCActionSheet;
			sourceTree = "<group>";
		};
/* End PBXGroup section */

/* Begin PBXNativeTarget section */
		496B8D4E212EA2470006E23F /* SJCActionSheet */ = {
			isa = PBXNativeTarget;
			buildConfigurationList = 496B8D65212EA2480006E23F /* Build configuration list for PBXNativeTarget "SJCActionSheet" */;
			buildPhases = (
				496B8D4B212EA2470006E23F /* Sources */,
				496B8D4C212EA2470006E23F /* Frameworks */,
				496B8D4D212EA2470006E23F /* Resources */,
			);
			buildRules = (
			);
			dependencies = (
			);
			name = SJCActionSheet;
			productName = SJCActionSheet;
			productReference = 496B8D4F212EA2470006E23F /* SJCActionSheet.app */;
			productType = "com.apple.product-type.application";
		};
/* End PBXNativeTarget section */

/* Begin PBXProject section */
		496B8D47212EA2470006E23F /* Project object */ = {
			isa = PBXProject;
			attributes = {
				LastUpgradeCheck = 0930;
				ORGANIZATIONNAME = Yehwang;
				TargetAttributes = {
					496B8D4E212EA2470006E23F = {
						CreatedOnToolsVersion = 9.3;
					};
				};
			};
			buildConfigurationList = 496B8D4A212EA2470006E23F /* Build configuration list for PBXProject "SJCActionSheet" */;
			compatibilityVersion = "Xcode 9.3";
			developmentRegion = en;
			hasScannedForEncodings = 0;
			knownRegions = (
				en,
				Base,
			);
			mainGroup = 496B8D46212EA2470006E23F;
			productRefGroup = 496B8D50212EA2470006E23F /* Products */;
			projectDirPath = "";
			projectRoot = "";
			targets = (
				496B8D4E212EA2470006E23F /* SJCActionSheet */,
			);
		};
/* End PBXProject section */

/* Begin PBXResourcesBuildPhase section */
		496B8D4D212EA2470006E23F /* Resources */ = {
			isa = PBXResourcesBuildPhase;
			buildActionMask = 2147483647;
			files = (
				496B8D5F212EA2480006E23F /* LaunchScreen.storyboard in Resources */,
				496B8D5C212EA2480006E23F /* Assets.xcassets in Resources */,
				496B8D5A212EA2470006E23F /* Main.storyboard in Resources */,
			);
			runOnlyForDeploymentPostprocessing = 0;
		};
/* End PBXResourcesBuildPhase section */

/* Begin PBXSourcesBuildPhase section */
		496B8D4B212EA2470006E23F /* Sources */ = {
			isa = PBXSourcesBuildPhase;
			buildActionMask = 2147483647;
			files = (
				496B8D57212EA2470006E23F /* ViewController.m in Sources */,
				496B8D62212EA2480006E23F /* main.m in Sources */,
				496B8D6A212EA3030006E23F /* SJCActionSheet.m in Sources */,
				496B8D54212EA2470006E23F /* AppDelegate.m in Sources */,
			);
			runOnlyForDeploymentPostprocessing = 0;
		};
/* End PBXSourcesBuildPhase section */

/* Begin PBXVariantGroup section */
		496B8D58212EA2470006E23F /* Main.storyboard */ = {
			isa = PBXVariantGroup;
			children = (
				496B8D59212EA2470006E23F /* Base */,
			);
			name = Main.storyboard;
			sourceTree = "<group>";
		};
		496B8D5D212EA2480006E23F /* LaunchScreen.storyboard */ = {
			isa = PBXVariantGroup;
			children = (
				496B8D5E212EA2480006E23F /* Base */,
			);
			name = LaunchScreen.storyboard;
			sourceTree = "<group>";
		};
/* End PBXVariantGroup section */

/* Begin XCBuildConfiguration section */
		496B8D63212EA2480006E23F /* Debug */ = {
			isa = XCBuildConfiguration;
			buildSettings = {
				ALWAYS_SEARCH_USER_PATHS = NO;
				CLANG_ANALYZER_NONNULL = YES;
				CLANG_ANALYZER_NUMBER_OBJECT_CONVERSION = YES_AGGRESSIVE;
				CLANG_CXX_LANGUAGE_STANDARD = "gnu++14";
				CLANG_CXX_LIBRARY = "libc++";
				CLANG_ENABLE_MODULES = YES;
				CLANG_ENABLE_OBJC_ARC = YES;
				CLANG_ENABLE_OBJC_WEAK = YES;
				CLANG_WARN_BLOCK_CAPTURE_AUTORELEASING = YES;
				CLANG_WARN_BOOL_CONVERSION = YES;
				CLANG_WARN_COMMA = YES;
				CLANG_WARN_CONSTANT_CONVERSION = YES;
				CLANG_WARN_DEPRECATED_OBJC_IMPLEMENTATIONS = YES;
				CLANG_WARN_DIRECT_OBJC_ISA_USAGE = YES_ERROR;
				CLANG_WARN_DOCUMENTATION_COMMENTS = YES;
				CLANG_WARN_EMPTY_BODY = YES;
				CLANG_WARN_ENUM_CONVERSION = YES;
				CLANG_WARN_INFINITE_RECURSION = YES;
				CLANG_WARN_INT_CONVERSION = YES;
				CLANG_WARN_NON_LITERAL_NULL_CONVERSION = YES;
				CLANG_WARN_OBJC_IMPLICIT_RETAIN_SELF = YES;
				CLANG_WARN_OBJC_LITERAL_CONVERSION = YES;
				CLANG_WARN_OBJC_ROOT_CLASS = YES_ERROR;
				CLANG_WARN_RANGE_LOOP_ANALYSIS = YES;
				CLANG_WARN_STRICT_PROTOTYPES = YES;
				CLANG_WARN_SUSPICIOUS_MOVE = YES;
				CLANG_WARN_UNGUARDED_AVAILABILITY = YES_AGGRESSIVE;
				CLANG_WARN_UNREACHABLE_CODE = YES;
				CLANG_WARN__DUPLICATE_METHOD_MATCH = YES;
				CODE_SIGN_IDENTITY = "iPhone Developer";
				COPY_PHASE_STRIP = NO;
				DEBUG_INFORMATION_FORMAT = dwarf;
				ENABLE_STRICT_OBJC_MSGSEND = YES;
				ENABLE_TESTABILITY = YES;
				GCC_C_LANGUAGE_STANDARD = gnu11;
				GCC_DYNAMIC_NO_PIC = NO;
				GCC_NO_COMMON_BLOCKS = YES;
				GCC_OPTIMIZATION_LEVEL = 0;
				GCC_PREPROCESSOR_DEFINITIONS = (
					"DEBUG=1",
					"$(inherited)",
				);
				GCC_WARN_64_TO_32_BIT_CONVERSION = YES;
				GCC_WARN_ABOUT_RETURN_TYPE = YES_ERROR;
				GCC_WARN_UNDECLARED_SELECTOR = YES;
				GCC_WARN_UNINITIALIZED_AUTOS = YES_AGGRESSIVE;
				GCC_WARN_UNUSED_FUNCTION = YES;
				GCC_WARN_UNUSED_VARIABLE = YES;
				IPHONEOS_DEPLOYMENT_TARGET = 11.3;
				MTL_ENABLE_DEBUG_INFO = YES;
				ONLY_ACTIVE_ARCH = YES;
				SDKROOT = iphoneos;
			};
			name = Debug;
		};
		496B8D64212EA2480006E23F /* Release */ = {
			isa = XCBuildConfiguration;
			buildSettings = {
				ALWAYS_SEARCH_USER_PATHS = NO;
				CLANG_ANALYZER_NONNULL = YES;
				CLANG_ANALYZER_NUMBER_OBJECT_CONVERSION = YES_AGGRESSIVE;
				CLANG_CXX_LANGUAGE_STANDARD = "gnu++14";
				CLANG_CXX_LIBRARY = "libc++";
				CLANG_ENABLE_MODULES = YES;
				CLANG_ENABLE_OBJC_ARC = YES;
				CLANG_ENABLE_OBJC_WEAK = YES;
				CLANG_WARN_BLOCK_CAPTURE_AUTORELEASING = YES;
				CLANG_WARN_BOOL_CONVERSION = YES;
				CLANG_WARN_COMMA = YES;
				CLANG_WARN_CONSTANT_CONVERSION = YES;
				CLANG_WARN_DEPRECATED_OBJC_IMPLEMENTATIONS = YES;
				CLANG_WARN_DIRECT_OBJC_ISA_USAGE = YES_ERROR;
				CLANG_WARN_DOCUMENTATION_COMMENTS = YES;
				CLANG_WARN_EMPTY_BODY = YES;
				CLANG_WARN_ENUM_CONVERSION = YES;
				CLANG_WARN_INFINITE_RECURSION = YES;
				CLANG_WARN_INT_CONVERSION = YES;
				CLANG_WARN_NON_LITERAL_NULL_CONVERSION = YES;
				CLANG_WARN_OBJC_IMPLICIT_RETAIN_SELF = YES;
				CLANG_WARN_OBJC_LITERAL_CONVERSION = YES;
				CLANG_WARN_OBJC_ROOT_CLASS = YES_ERROR;
				CLANG_WARN_RANGE_LOOP_ANALYSIS = YES;
				CLANG_WARN_STRICT_PROTOTYPES = YES;
				CLANG_WARN_SUSPICIOUS_MOVE = YES;
				CLANG_WARN_UNGUARDED_AVAILABILITY = YES_AGGRESSIVE;
				CLANG_WARN_UNREACHABLE_CODE = YES;
				CLANG_WARN__DUPLICATE_METHOD_MATCH = YES;
				CODE_SIGN_IDENTITY = "iPhone Developer";
				COPY_PHASE_STRIP = NO;
				DEBUG_INFORMATION_FORMAT = "dwarf-with-dsym";
				ENABLE_NS_ASSERTIONS = NO;
				ENABLE_STRICT_OBJC_MSGSEND = YES;
				GCC_C_LANGUAGE_STANDARD = gnu11;
				GCC_NO_COMMON_BLOCKS = YES;
				GCC_WARN_64_TO_32_BIT_CONVERSION = YES;
				GCC_WARN_ABOUT_RETURN_TYPE = YES_ERROR;
				GCC_WARN_UNDECLARED_SELECTOR = YES;
				GCC_WARN_UNINITIALIZED_AUTOS = YES_AGGRESSIVE;
				GCC_WARN_UNUSED_FUNCTION = YES;
				GCC_WARN_UNUSED_VARIABLE = YES;
				IPHONEOS_DEPLOYMENT_TARGET = 11.3;
				MTL_ENABLE_DEBUG_INFO = NO;
				SDKROOT = iphoneos;
				VALIDATE_PRODUCT = YES;
			};
			name = Release;
		};
		496B8D66212EA2480006E23F /* Debug */ = {
			isa = XCBuildConfiguration;
			buildSettings = {
				ASSETCATALOG_COMPILER_APPICON_NAME = AppIcon;
				CODE_SIGN_STYLE = Automatic;
				DEVELOPMENT_TEAM = 9WA3N59CJW;
				INFOPLIST_FILE = SJCActionSheet/Info.plist;
				LD_RUNPATH_SEARCH_PATHS = (
					"$(inherited)",
					"@executable_path/Frameworks",
				);
				PRODUCT_BUNDLE_IDENTIFIER = Yehwang.SJCActionSheet;
				PRODUCT_NAME = "$(TARGET_NAME)";
				TARGETED_DEVICE_FAMILY = "1,2";
			};
			name = Debug;
		};
		496B8D67212EA2480006E23F /* Release */ = {
			isa = XCBuildConfiguration;
			buildSettings = {
				ASSETCATALOG_COMPILER_APPICON_NAME = AppIcon;
				CODE_SIGN_STYLE = Automatic;
				DEVELOPMENT_TEAM = 9WA3N59CJW;
				INFOPLIST_FILE = SJCActionSheet/Info.plist;
				LD_RUNPATH_SEARCH_PATHS = (
					"$(inherited)",
					"@executable_path/Frameworks",
				);
				PRODUCT_BUNDLE_IDENTIFIER = Yehwang.SJCActionSheet;
				PRODUCT_NAME = "$(TARGET_NAME)";
				TARGETED_DEVICE_FAMILY = "1,2";
			};
			name = Release;
		};
/* End XCBuildConfiguration section */

/* Begin XCConfigurationList section */
		496B8D4A212EA2470006E23F /* Build configuration list for PBXProject "SJCActionSheet" */ = {
			isa = XCConfigurationList;
			buildConfigurations = (
				496B8D63212EA2480006E23F /* Debug */,
				496B8D64212EA2480006E23F /* Release */,
			);
			defaultConfigurationIsVisible = 0;
			defaultConfigurationName = Release;
		};
		496B8D65212EA2480006E23F /* Build configuration list for PBXNativeTarget "SJCActionSheet" */ = {
			isa = XCConfigurationList;
			buildConfigurations = (
				496B8D66212EA2480006E23F /* Debug */,
				496B8D67212EA2480006E23F /* Release */,
			);
			defaultConfigurationIsVisible = 0;
			defaultConfigurationName = Release;
		};
/* End XCConfigurationList section */
	};
	rootObject = 496B8D47212EA2470006E23F /* Project object */;
}
